{
  "version": 4,
  "terraform_version": "0.12.3",
  "serial": 83,
  "lineage": "28c1573b-95bf-5a96-640a-03700ed79aae",
  "outputs": {},
  "resources": [
    {
      "mode": "managed",
      "type": "google_container_cluster",
      "name": "k8_cluster",
      "provider": "provider.google",
      "instances": [
        {
          "schema_version": 1,
          "attributes": {
            "additional_zones": [],
            "addons_config": [
              {
                "horizontal_pod_autoscaling": [
                  {
                    "disabled": false
                  }
                ],
                "http_load_balancing": [
                  {
                    "disabled": false
                  }
                ],
                "kubernetes_dashboard": [
                  {
                    "disabled": true
                  }
                ],
                "network_policy_config": [
                  {
                    "disabled": true
                  }
                ]
              }
            ],
            "cluster_autoscaling": [],
            "cluster_ipv4_cidr": "10.12.0.0/14",
            "description": "",
            "enable_binary_authorization": null,
            "enable_intranode_visibility": null,
            "enable_kubernetes_alpha": false,
            "enable_legacy_abac": false,
            "enable_tpu": null,
            "endpoint": "35.185.143.122",
            "id": "k8s-cluster",
            "initial_node_count": 1,
            "instance_group_urls": [
              "https://www.googleapis.com/compute/v1/projects/upheld-garage-218509/zones/asia-east1-a/instanceGroups/gke-k8s-cluster-k8s-node-pool-59ab3a4a-grp"
            ],
            "ip_allocation_policy": [],
            "location": "asia-east1-a",
            "logging_service": "logging.googleapis.com",
            "maintenance_policy": [],
            "master_auth": [
              {
                "client_certificate": "",
                "client_certificate_config": [
                  {
                    "issue_client_certificate": false
                  }
                ],
                "client_key": "",
                "cluster_ca_certificate": "LS0tLS1CRUdJTiBDRVJUSUZJQ0FURS0tLS0tCk1JSURDekNDQWZPZ0F3SUJBZ0lRTFM3UUx0UnFEKzZiL1VuLzdxdGJuVEFOQmdrcWhraUc5dzBCQVFzRkFEQXYKTVMwd0t3WURWUVFERXlSalpqQTJNVFUxWXkxbU56bGxMVFF3WkRRdFlqSTROeTB6TXpJNU4yVm1ZVEZqTTJJdwpIaGNOTVRrd056RTJNRGt6T1RFMFdoY05NalF3TnpFME1UQXpPVEUwV2pBdk1TMHdLd1lEVlFRREV5UmpaakEyCk1UVTFZeTFtTnpsbExUUXdaRFF0WWpJNE55MHpNekk1TjJWbVlURmpNMkl3Z2dFaU1BMEdDU3FHU0liM0RRRUIKQVFVQUE0SUJEd0F3Z2dFS0FvSUJBUUNFYVRNblNBT1dSQXp3ZkNIT2RhWGh6RnplRFlaRURMMWRqemJ4bE8rMwpLaklpZENaSWxZeE9JdlhaVzQrcFdYa0o2MVBPQS8xSlNzWU9wSkY2dVdRYnI4ZldiODk2c21XN3pHRU5xTXE4CmxzL0JJektiQ3VtcUd4M1Zmc2hvUkgwQ0w5SGFOdlU4TmQwdXVuWlhVQzh1eWtacmdZdmV5QjZsazlhRUh0L2wKU3BLTHduMmZMc1NQR0laNXNHR1VqaGVXK0VqVHFhQ3J5UUF6dElyOFA1bWQvMjdyeEMxRktUNXBCTnJTV1p3MgpLR2tFRmtzUEJMNTUydDAxRlRHaDlDYzRtZ3dTc1FJU3pRVlBNdHNUWnhaazVCYmhjMWo5Qm5mcGhZSDdURGQ4CkFQRVhPWG9QcHlSMDYrSWZJTE1VY00vOVdNbXBmMzYyVzVqM0dhcDd1NlExQWdNQkFBR2pJekFoTUE0R0ExVWQKRHdFQi93UUVBd0lDQkRBUEJnTlZIUk1CQWY4RUJUQURBUUgvTUEwR0NTcUdTSWIzRFFFQkN3VUFBNElCQVFBdQowd1A4Yk13UW83cGNTUC9ZL1NIYUlmejkwOWI1dmMwZTZMN0wxTHBaK1JockhZSFVuTENjaEJ6UVdHMGduOFdsCmdKWks5Ky81MVJkOXFDZXcvT0tBVS9FY1NCazFGaDdsR1U4U25FZExXbG5vRnpiYk4xVmdzMGMra3F4YVh1dnUKeWk2Y1E2SmtDZUQ4RkVObzN2bWtDbGNqY3MrRUR1T1ZtMm8yanovNmFDc0FXc0tNRzNRSHYydWVSY2NSSE9iQQpQeVF6QzRzRk1jSW9JdmNlODRPNXVoY1BCNG03N0ZFSDAydUNWRWhvRGMwTC9McVdjcDZTaGV3a09mWjZEVU9aCmNpeWc0V1o1R3V4dGZxQ3Z4TXdLS3R6aG4wUEpURjNPRUN2czNYQnVyL2RSUEtDVUo0YVlNaXdDbTFKT295cHMKekYrK1VYZUg4LytXTXRKaVpMeEsKLS0tLS1FTkQgQ0VSVElGSUNBVEUtLS0tLQo=",
                "password": "",
                "username": ""
              }
            ],
            "master_authorized_networks_config": [],
            "master_version": "1.12.8-gke.10",
            "min_master_version": null,
            "monitoring_service": "monitoring.googleapis.com",
            "name": "k8s-cluster",
            "network": "projects/upheld-garage-218509/global/networks/default",
            "network_policy": [
              {
                "enabled": false,
                "provider": "PROVIDER_UNSPECIFIED"
              }
            ],
            "node_config": [
              {
                "disk_size_gb": 100,
                "disk_type": "pd-standard",
                "guest_accelerator": [],
                "image_type": "COS",
                "labels": {},
                "local_ssd_count": 0,
                "machine_type": "f1-micro",
                "metadata": {
                  "disable-legacy-endpoints": "true"
                },
                "min_cpu_platform": "",
                "oauth_scopes": [
                  "https://www.googleapis.com/auth/logging.write",
                  "https://www.googleapis.com/auth/monitoring"
                ],
                "preemptible": true,
                "sandbox_config": [],
                "service_account": "default",
                "tags": [],
                "taint": [],
                "workload_metadata_config": []
              }
            ],
            "node_locations": [],
            "node_pool": [
              {
                "autoscaling": [],
                "initial_node_count": 1,
                "instance_group_urls": [
                  "https://www.googleapis.com/compute/v1/projects/upheld-garage-218509/zones/asia-east1-a/instanceGroupManagers/gke-k8s-cluster-k8s-node-pool-59ab3a4a-grp"
                ],
                "management": [
                  {
                    "auto_repair": false,
                    "auto_upgrade": false
                  }
                ],
                "max_pods_per_node": 0,
                "name": "k8s-node-pool",
                "name_prefix": "",
                "node_config": [
                  {
                    "disk_size_gb": 100,
                    "disk_type": "pd-standard",
                    "guest_accelerator": [],
                    "image_type": "COS",
                    "labels": {},
                    "local_ssd_count": 0,
                    "machine_type": "f1-micro",
                    "metadata": {
                      "disable-legacy-endpoints": "true"
                    },
                    "min_cpu_platform": "",
                    "oauth_scopes": [
                      "https://www.googleapis.com/auth/logging.write",
                      "https://www.googleapis.com/auth/monitoring"
                    ],
                    "preemptible": true,
                    "sandbox_config": [],
                    "service_account": "default",
                    "tags": [],
                    "taint": [],
                    "workload_metadata_config": []
                  }
                ],
                "node_count": 1,
                "version": "1.12.8-gke.10"
              }
            ],
            "node_version": "1.12.8-gke.10",
            "pod_security_policy_config": [],
            "private_cluster_config": [],
            "project": "upheld-garage-218509",
            "region": null,
            "remove_default_node_pool": true,
            "resource_labels": {},
            "services_ipv4_cidr": "10.15.240.0/20",
            "subnetwork": "projects/upheld-garage-218509/regions/asia-east1/subnetworks/default",
            "timeouts": null,
            "zone": "asia-east1-a"
          },
          "private": "eyJlMmJmYjczMC1lY2FhLTExZTYtOGY4OC0zNDM2M2JjN2M0YzAiOnsiY3JlYXRlIjoxODAwMDAwMDAwMDAwLCJkZWxldGUiOjE4MDAwMDAwMDAwMDAsInVwZGF0ZSI6MzYwMDAwMDAwMDAwMH0sInNjaGVtYV92ZXJzaW9uIjoiMSJ9"
        }
      ]
    },
    {
      "mode": "managed",
      "type": "google_container_node_pool",
      "name": "np",
      "provider": "provider.google",
      "instances": [
        {
          "schema_version": 1,
          "attributes": {
            "autoscaling": [],
            "cluster": "k8s-cluster",
            "id": "asia-east1-a/k8s-cluster/k8s-node-pool",
            "initial_node_count": 1,
            "instance_group_urls": [
              "https://www.googleapis.com/compute/v1/projects/upheld-garage-218509/zones/asia-east1-a/instanceGroupManagers/gke-k8s-cluster-k8s-node-pool-59ab3a4a-grp"
            ],
            "location": "asia-east1-a",
            "management": [
              {
                "auto_repair": false,
                "auto_upgrade": false
              }
            ],
            "max_pods_per_node": null,
            "name": "k8s-node-pool",
            "name_prefix": "",
            "node_config": [
              {
                "disk_size_gb": 100,
                "disk_type": "pd-standard",
                "guest_accelerator": [],
                "image_type": "COS",
                "labels": {},
                "local_ssd_count": 0,
                "machine_type": "f1-micro",
                "metadata": {
                  "disable-legacy-endpoints": "true"
                },
                "min_cpu_platform": "",
                "oauth_scopes": [
                  "https://www.googleapis.com/auth/logging.write",
                  "https://www.googleapis.com/auth/monitoring"
                ],
                "preemptible": true,
                "sandbox_config": [],
                "service_account": "default",
                "tags": [],
                "taint": [],
                "workload_metadata_config": []
              }
            ],
            "node_count": 1,
            "project": "upheld-garage-218509",
            "region": null,
            "timeouts": null,
            "version": "1.12.8-gke.10",
            "zone": "asia-east1-a"
          },
          "private": "eyJlMmJmYjczMC1lY2FhLTExZTYtOGY4OC0zNDM2M2JjN2M0YzAiOnsiY3JlYXRlIjoxODAwMDAwMDAwMDAwLCJkZWxldGUiOjYwMDAwMDAwMDAwMCwidXBkYXRlIjo2MDAwMDAwMDAwMDB9LCJzY2hlbWFfdmVyc2lvbiI6IjEifQ==",
          "depends_on": [
            "google_container_cluster.k8_cluster"
          ]
        }
      ]
    },
    {
      "mode": "managed",
      "type": "kubernetes_cluster_role_binding",
      "name": "tillerRoleBinding",
      "provider": "provider.kubernetes",
      "instances": [
        {
          "schema_version": 0,
          "attributes": {
            "id": "tiller-rule",
            "metadata": [
              {
                "annotations": null,
                "generation": 0,
                "labels": null,
                "name": "tiller-rule",
                "resource_version": "1321",
                "self_link": "/apis/rbac.authorization.k8s.io/v1/clusterrolebindings/tiller-rule",
                "uid": "ed838b98-a7b6-11e9-8937-42010af00174"
              }
            ],
            "role_ref": [
              {
                "api_group": "rbac.authorization.k8s.io",
                "kind": "ClusterRole",
                "name": "cluster-admin"
              }
            ],
            "subject": [
              {
                "api_group": "",
                "kind": "ServiceAccount",
                "name": "tiller",
                "namespace": "kube-system"
              }
            ]
          },
          "private": "bnVsbA==",
          "depends_on": [
            "kubernetes_service_account.tiller"
          ]
        }
      ]
    },
    {
      "mode": "managed",
      "type": "kubernetes_service_account",
      "name": "tiller",
      "provider": "provider.kubernetes",
      "instances": [
        {
          "schema_version": 0,
          "attributes": {
            "automount_service_account_token": false,
            "default_secret_name": "tiller-token-qjhdz",
            "id": "kube-system/tiller",
            "image_pull_secret": [],
            "metadata": [
              {
                "annotations": null,
                "generate_name": "",
                "generation": 0,
                "labels": null,
                "name": "tiller",
                "namespace": "kube-system",
                "resource_version": "1318",
                "self_link": "/api/v1/namespaces/kube-system/serviceaccounts/tiller",
                "uid": "ed53ee59-a7b6-11e9-8937-42010af00174"
              }
            ],
            "secret": []
          },
          "private": "bnVsbA=="
        }
      ]
    },
    {
      "mode": "managed",
      "type": "null_resource",
      "name": "helmInit",
      "provider": "provider.null",
      "instances": [
        {
          "schema_version": 0,
          "attributes": {
            "id": "5587475479248322443",
            "triggers": null
          },
          "private": "bnVsbA==",
          "depends_on": [
            "google_container_cluster.k8_cluster",
            "google_container_node_pool.np",
            "kubernetes_cluster_role_binding.tillerRoleBinding"
          ]
        }
      ]
    },
    {
      "mode": "managed",
      "type": "null_resource",
      "name": "kubeconfig",
      "provider": "provider.null",
      "instances": [
        {
          "schema_version": 0,
          "attributes": {
            "id": "3951451489899225159",
            "triggers": null
          },
          "depends_on": [
            "google_container_cluster.k8_cluster",
            "google_container_node_pool.np"
          ]
        }
      ]
    }
  ]
}
